
Microsoft Visual Studio Solution File, Format Version 12.00
# Visual Studio Version 16
VisualStudioVersion = 16.0.30413.136
MinimumVisualStudioVersion = 10.0.40219.1
Project("{FAE04EC0-301F-11D3-BF4B-00C04F79EFBC}") = "S17Linq", "S17Linq\S17Linq.csproj", "{C09C08DF-02D6-4403-9EE9-7093A0F5E0E4}"
EndProject
Global
	GlobalSection(SolutionConfigurationPlatforms) = preSolution
		Debug|Any CPU = Debug|Any CPU
		Release|Any CPU = Release|Any CPU
	EndGlobalSection
	GlobalSection(ProjectConfigurationPlatforms) = postSolution
		{C09C08DF-02D6-4403-9EE9-7093A0F5E0E4}.Debug|Any CPU.ActiveCfg = Debug|Any CPU
		{C09C08DF-02D6-4403-9EE9-7093A0F5E0E4}.Debug|Any CPU.Build.0 = Debug|Any CPU
		{C09C08DF-02D6-4403-9EE9-7093A0F5E0E4}.Release|Any CPU.ActiveCfg = Release|Any CPU
		{C09C08DF-02D6-4403-9EE9-7093A0F5E0E4}.Release|Any CPU.Build.0 = Release|Any CPU
	EndGlobalSection
	GlobalSection(SolutionProperties) = preSolution
		HideSolutionNode = FALSE
	EndGlobalSection
	GlobalSection(ExtensibilityGlobals) = postSolution
		SolutionGuid = {CC70E5A5-CE69-44A5-9382-7F99D70431E6}
	EndGlobalSection
EndGlobal
