
Microsoft Visual Studio Solution File, Format Version 12.00
# Visual Studio Version 16
VisualStudioVersion = 16.0.30413.136
MinimumVisualStudioVersion = 10.0.40219.1
Project("{FAE04EC0-301F-11D3-BF4B-00C04F79EFBC}") = "S10Exer2", "S10Exer2\S10Exer2.csproj", "{DC3A1FD3-B733-49A3-B89B-AB7905FC233A}"
EndProject
Global
	GlobalSection(SolutionConfigurationPlatforms) = preSolution
		Debug|Any CPU = Debug|Any CPU
		Release|Any CPU = Release|Any CPU
	EndGlobalSection
	GlobalSection(ProjectConfigurationPlatforms) = postSolution
		{DC3A1FD3-B733-49A3-B89B-AB7905FC233A}.Debug|Any CPU.ActiveCfg = Debug|Any CPU
		{DC3A1FD3-B733-49A3-B89B-AB7905FC233A}.Debug|Any CPU.Build.0 = Debug|Any CPU
		{DC3A1FD3-B733-49A3-B89B-AB7905FC233A}.Release|Any CPU.ActiveCfg = Release|Any CPU
		{DC3A1FD3-B733-49A3-B89B-AB7905FC233A}.Release|Any CPU.Build.0 = Release|Any CPU
	EndGlobalSection
	GlobalSection(SolutionProperties) = preSolution
		HideSolutionNode = FALSE
	EndGlobalSection
	GlobalSection(ExtensibilityGlobals) = postSolution
		SolutionGuid = {C6F2810F-F29F-4AFC-AFDD-105423580B43}
	EndGlobalSection
EndGlobal
